
Microsoft Visual Studio Solution File, Format Version 12.00
Project("{FAE04EC0-301F-11D3-BF4B-00C04F79EFBC}") = "AutoBuy", "AutoBuy\AutoBuy.csproj", "{0A8CFACE-ABCD-4CEC-A91C-63BB4E4013E5}"
EndProject
Project("{FAE04EC0-301F-11D3-BF4B-00C04F79EFBC}") = "Domain", "Domain\Domain.csproj", "{98D2B214-5C87-4AA9-902E-FCA9D58B609C}"
EndProject
Project("{2150E333-8FDC-42A3-9474-1A3956D46DE8}") = "Solution items", "Solution items", "{81C89525-7991-4766-91A3-F95D0585B68D}"
	ProjectSection(SolutionItems) = preProject
		.gitignore = .gitignore
		compose.yaml = compose.yaml
	EndProjectSection
EndProject
Project("{FAE04EC0-301F-11D3-BF4B-00C04F79EFBC}") = "Data", "Data\Data.csproj", "{3701E790-D92C-4718-939D-2DA082EB84D3}"
EndProject
Project("{2150E333-8FDC-42A3-9474-1A3956D46DE8}") = "Infrastructure", "Infrastructure", "{82FFE586-92AF-42C6-AA22-73D29E2B1390}"
EndProject
Project("{2150E333-8FDC-42A3-9474-1A3956D46DE8}") = "Domain", "Domain", "{07984DE7-CF28-4D05-A049-42380A83C3D0}"
EndProject
Project("{2150E333-8FDC-42A3-9474-1A3956D46DE8}") = "Presentation", "Presentation", "{B52012C4-002B-462B-8B18-7EEBBCCFC6E3}"
EndProject
Project("{FAE04EC0-301F-11D3-BF4B-00C04F79EFBC}") = "Data.Contracts", "Data.Contracts\Data.Contracts.csproj", "{97587D76-8FD0-4928-BDC6-C447969BE17E}"
EndProject
Project("{FAE04EC0-301F-11D3-BF4B-00C04F79EFBC}") = "Environment", "Environment\Environment.csproj", "{031C1A76-4E64-444B-B4AF-32F49F9E081F}"
EndProject
Project("{FAE04EC0-301F-11D3-BF4B-00C04F79EFBC}") = "AutobuyerPlayer", "AutobuyerPlayer\AutobuyerPlayer.csproj", "{B125D1AA-3A87-4D32-BB29-076EB9EA80C0}"
EndProject
Project("{FAE04EC0-301F-11D3-BF4B-00C04F79EFBC}") = "AutobuyerPlayer.Contracts", "AutobuyerPlayer.Contracts\AutobuyerPlayer.Contracts.csproj", "{43EB4878-9D04-437D-81E7-BC4E7E8EF07A}"
EndProject
Global
	GlobalSection(SolutionConfigurationPlatforms) = preSolution
		Debug|Any CPU = Debug|Any CPU
		Release|Any CPU = Release|Any CPU
	EndGlobalSection
	GlobalSection(ProjectConfigurationPlatforms) = postSolution
		{0A8CFACE-ABCD-4CEC-A91C-63BB4E4013E5}.Debug|Any CPU.ActiveCfg = Debug|Any CPU
		{0A8CFACE-ABCD-4CEC-A91C-63BB4E4013E5}.Debug|Any CPU.Build.0 = Debug|Any CPU
		{0A8CFACE-ABCD-4CEC-A91C-63BB4E4013E5}.Release|Any CPU.ActiveCfg = Release|Any CPU
		{0A8CFACE-ABCD-4CEC-A91C-63BB4E4013E5}.Release|Any CPU.Build.0 = Release|Any CPU
		{98D2B214-5C87-4AA9-902E-FCA9D58B609C}.Debug|Any CPU.ActiveCfg = Debug|Any CPU
		{98D2B214-5C87-4AA9-902E-FCA9D58B609C}.Debug|Any CPU.Build.0 = Debug|Any CPU
		{98D2B214-5C87-4AA9-902E-FCA9D58B609C}.Release|Any CPU.ActiveCfg = Release|Any CPU
		{98D2B214-5C87-4AA9-902E-FCA9D58B609C}.Release|Any CPU.Build.0 = Release|Any CPU
		{3701E790-D92C-4718-939D-2DA082EB84D3}.Debug|Any CPU.ActiveCfg = Debug|Any CPU
		{3701E790-D92C-4718-939D-2DA082EB84D3}.Debug|Any CPU.Build.0 = Debug|Any CPU
		{3701E790-D92C-4718-939D-2DA082EB84D3}.Release|Any CPU.ActiveCfg = Release|Any CPU
		{3701E790-D92C-4718-939D-2DA082EB84D3}.Release|Any CPU.Build.0 = Release|Any CPU
		{97587D76-8FD0-4928-BDC6-C447969BE17E}.Debug|Any CPU.ActiveCfg = Debug|Any CPU
		{97587D76-8FD0-4928-BDC6-C447969BE17E}.Debug|Any CPU.Build.0 = Debug|Any CPU
		{97587D76-8FD0-4928-BDC6-C447969BE17E}.Release|Any CPU.ActiveCfg = Release|Any CPU
		{97587D76-8FD0-4928-BDC6-C447969BE17E}.Release|Any CPU.Build.0 = Release|Any CPU
		{031C1A76-4E64-444B-B4AF-32F49F9E081F}.Debug|Any CPU.ActiveCfg = Debug|Any CPU
		{031C1A76-4E64-444B-B4AF-32F49F9E081F}.Debug|Any CPU.Build.0 = Debug|Any CPU
		{031C1A76-4E64-444B-B4AF-32F49F9E081F}.Release|Any CPU.ActiveCfg = Release|Any CPU
		{031C1A76-4E64-444B-B4AF-32F49F9E081F}.Release|Any CPU.Build.0 = Release|Any CPU
		{B125D1AA-3A87-4D32-BB29-076EB9EA80C0}.Debug|Any CPU.ActiveCfg = Debug|Any CPU
		{B125D1AA-3A87-4D32-BB29-076EB9EA80C0}.Debug|Any CPU.Build.0 = Debug|Any CPU
		{B125D1AA-3A87-4D32-BB29-076EB9EA80C0}.Release|Any CPU.ActiveCfg = Release|Any CPU
		{B125D1AA-3A87-4D32-BB29-076EB9EA80C0}.Release|Any CPU.Build.0 = Release|Any CPU
		{43EB4878-9D04-437D-81E7-BC4E7E8EF07A}.Debug|Any CPU.ActiveCfg = Debug|Any CPU
		{43EB4878-9D04-437D-81E7-BC4E7E8EF07A}.Debug|Any CPU.Build.0 = Debug|Any CPU
		{43EB4878-9D04-437D-81E7-BC4E7E8EF07A}.Release|Any CPU.ActiveCfg = Release|Any CPU
		{43EB4878-9D04-437D-81E7-BC4E7E8EF07A}.Release|Any CPU.Build.0 = Release|Any CPU
	EndGlobalSection
	GlobalSection(NestedProjects) = preSolution
		{3701E790-D92C-4718-939D-2DA082EB84D3} = {82FFE586-92AF-42C6-AA22-73D29E2B1390}
		{98D2B214-5C87-4AA9-902E-FCA9D58B609C} = {07984DE7-CF28-4D05-A049-42380A83C3D0}
		{0A8CFACE-ABCD-4CEC-A91C-63BB4E4013E5} = {B52012C4-002B-462B-8B18-7EEBBCCFC6E3}
		{97587D76-8FD0-4928-BDC6-C447969BE17E} = {82FFE586-92AF-42C6-AA22-73D29E2B1390}
		{031C1A76-4E64-444B-B4AF-32F49F9E081F} = {07984DE7-CF28-4D05-A049-42380A83C3D0}
		{B125D1AA-3A87-4D32-BB29-076EB9EA80C0} = {82FFE586-92AF-42C6-AA22-73D29E2B1390}
		{43EB4878-9D04-437D-81E7-BC4E7E8EF07A} = {82FFE586-92AF-42C6-AA22-73D29E2B1390}
	EndGlobalSection
EndGlobal
